
Microsoft Visual Studio Solution File, Format Version 12.00
# Visual Studio 15
VisualStudioVersion = 15.0.27004.2008
MinimumVisualStudioVersion = 10.0.40219.1
Project("{8BC9CEB8-8B4A-11D0-8D11-00A0C91BC942}") = "pattern1", "pattern1\pattern1.vcxproj", "{BA4FAFB5-DA22-4F6D-BF70-7E2D445678D5}"
EndProject
Project("{8BC9CEB8-8B4A-11D0-8D11-00A0C91BC942}") = "pattern2", "pattern2\pattern2.vcxproj", "{46C7486E-B420-4474-8F6C-ECB35BB67990}"
EndProject
Global
	GlobalSection(SolutionConfigurationPlatforms) = preSolution
		Debug|x64 = Debug|x64
		Release|x64 = Release|x64
	EndGlobalSection
	GlobalSection(ProjectConfigurationPlatforms) = postSolution
		{BA4FAFB5-DA22-4F6D-BF70-7E2D445678D5}.Debug|x64.ActiveCfg = Debug|x64
		{BA4FAFB5-DA22-4F6D-BF70-7E2D445678D5}.Debug|x64.Build.0 = Debug|x64
		{BA4FAFB5-DA22-4F6D-BF70-7E2D445678D5}.Release|x64.ActiveCfg = Release|x64
		{BA4FAFB5-DA22-4F6D-BF70-7E2D445678D5}.Release|x64.Build.0 = Release|x64
		{46C7486E-B420-4474-8F6C-ECB35BB67990}.Debug|x64.ActiveCfg = Debug|x64
		{46C7486E-B420-4474-8F6C-ECB35BB67990}.Debug|x64.Build.0 = Debug|x64
		{46C7486E-B420-4474-8F6C-ECB35BB67990}.Release|x64.ActiveCfg = Release|x64
		{46C7486E-B420-4474-8F6C-ECB35BB67990}.Release|x64.Build.0 = Release|x64
	EndGlobalSection
	GlobalSection(SolutionProperties) = preSolution
		HideSolutionNode = FALSE
	EndGlobalSection
	GlobalSection(ExtensibilityGlobals) = postSolution
		SolutionGuid = {4DC78711-AA9E-410F-8D14-2FF5342C4B59}
	EndGlobalSection
EndGlobal
